// !$*UTF8*$!
{
	archiveVersion = 1;
	classes = {
	};
	objectVersion = 50;
	objects = {

/* Begin PBXBuildFile section */
		C53FCFF62195913F00C05DC0 /* AppDelegate.swift in Sources */ = {isa = PBXBuildFile; fileRef = C53FCFF52195913F00C05DC0 /* AppDelegate.swift */; };
		C53FCFF82195913F00C05DC0 /* ViewController.swift in Sources */ = {isa = PBXBuildFile; fileRef = C53FCFF72195913F00C05DC0 /* ViewController.swift */; };
		C53FCFFB2195913F00C05DC0 /* Main.storyboard in Resources */ = {isa = PBXBuildFile; fileRef = C53FCFF92195913F00C05DC0 /* Main.storyboard */; };
		C53FCFFD2195914000C05DC0 /* Assets.xcassets in Resources */ = {isa = PBXBuildFile; fileRef = C53FCFFC2195914000C05DC0 /* Assets.xcassets */; };
		C53FD0002195914000C05DC0 /* LaunchScreen.storyboard in Resources */ = {isa = PBXBuildFile; fileRef = C53FCFFE2195914000C05DC0 /* LaunchScreen.storyboard */; };
		C53FD00B2195914000C05DC0 /* GitCountTests.swift in Sources */ = {isa = PBXBuildFile; fileRef = C53FD00A2195914000C05DC0 /* GitCountTests.swift */; };
		C53FD0162195914000C05DC0 /* GitCountUITests.swift in Sources */ = {isa = PBXBuildFile; fileRef = C53FD0152195914000C05DC0 /* GitCountUITests.swift */; };
/* End PBXBuildFile section */

/* Begin PBXContainerItemProxy section */
		C53FD0072195914000C05DC0 /* PBXContainerItemProxy */ = {
			isa = PBXContainerItemProxy;
			containerPortal = C53FCFEA2195913F00C05DC0 /* Project object */;
			proxyType = 1;
			remoteGlobalIDString = C53FCFF12195913F00C05DC0;
			remoteInfo = GitCount;
		};
		C53FD0122195914000C05DC0 /* PBXContainerItemProxy */ = {
			isa = PBXContainerItemProxy;
			containerPortal = C53FCFEA2195913F00C05DC0 /* Project object */;
			proxyType = 1;
			remoteGlobalIDString = C53FCFF12195913F00C05DC0;
			remoteInfo = GitCount;
		};
/* End PBXContainerItemProxy section */

/* Begin PBXFileReference section */
		C53FCFF22195913F00C05DC0 /* GitCount.app */ = {isa = PBXFileReference; explicitFileType = wrapper.application; includeInIndex = 0; path = GitCount.app; sourceTree = BUILT_PRODUCTS_DIR; };
		C53FCFF52195913F00C05DC0 /* AppDelegate.swift */ = {isa = PBXFileReference; lastKnownFileType = sourcecode.swift; path = AppDelegate.swift; sourceTree = "<group>"; };
		C53FCFF72195913F00C05DC0 /* ViewController.swift */ = {isa = PBXFileReference; lastKnownFileType = sourcecode.swift; path = ViewController.swift; sourceTree = "<group>"; };
		C53FCFFA2195913F00C05DC0 /* Base */ = {isa = PBXFileReference; lastKnownFileType = file.storyboard; name = Base; path = Base.lproj/Main.storyboard; sourceTree = "<group>"; };
		C53FCFFC2195914000C05DC0 /* Assets.xcassets */ = {isa = PBXFileReference; lastKnownFileType = folder.assetcatalog; path = Assets.xcassets; sourceTree = "<group>"; };
		C53FCFFF2195914000C05DC0 /* Base */ = {isa = PBXFileReference; lastKnownFileType = file.storyboard; name = Base; path = Base.lproj/LaunchScreen.storyboard; sourceTree = "<group>"; };
		C53FD0012195914000C05DC0 /* Info.plist */ = {isa = PBXFileReference; lastKnownFileType = text.plist.xml; path = Info.plist; sourceTree = "<group>"; };
		C53FD0062195914000C05DC0 /* GitCountTests.xctest */ = {isa = PBXFileReference; explicitFileType = wrapper.cfbundle; includeInIndex = 0; path = GitCountTests.xctest; sourceTree = BUILT_PRODUCTS_DIR; };
		C53FD00A2195914000C05DC0 /* GitCountTests.swift */ = {isa = PBXFileReference; lastKnownFileType = sourcecode.swift; path = GitCountTests.swift; sourceTree = "<group>"; };
		C53FD00C2195914000C05DC0 /* Info.plist */ = {isa = PBXFileReference; lastKnownFileType = text.plist.xml; path = Info.plist; sourceTree = "<group>"; };
		C53FD0112195914000C05DC0 /* GitCountUITests.xctest */ = {isa = PBXFileReference; explicitFileType = wrapper.cfbundle; includeInIndex = 0; path = GitCountUITests.xctest; sourceTree = BUILT_PRODUCTS_DIR; };
		C53FD0152195914000C05DC0 /* GitCountUITests.swift */ = {isa = PBXFileReference; lastKnownFileType = sourcecode.swift; path = GitCountUITests.swift; sourceTree = "<group>"; };
		C53FD0172195914000C05DC0 /* Info.plist */ = {isa = PBXFileReference; lastKnownFileType = text.plist.xml; path = Info.plist; sourceTree = "<group>"; };
/* End PBXFileReference section */

/* Begin PBXFrameworksBuildPhase section */
		C53FCFEF2195913F00C05DC0 /* Frameworks */ = {
			isa = PBXFrameworksBuildPhase;
			buildActionMask = 2147483647;
			files = (
			);
			runOnlyForDeploymentPostprocessing = 0;
		};
		C53FD0032195914000C05DC0 /* Frameworks */ = {
			isa = PBXFrameworksBuildPhase;
			buildActionMask = 2147483647;
			files = (
			);
			runOnlyForDeploymentPostprocessing = 0;
		};
		C53FD00E2195914000C05DC0 /* Frameworks */ = {
			isa = PBXFrameworksBuildPhase;
			buildActionMask = 2147483647;
			files = (
			);
			runOnlyForDeploymentPostprocessing = 0;
		};
/* End PBXFrameworksBuildPhase section */

/* Begin PBXGroup section */
		C53FCFE92195913F00C05DC0 = {
			isa = PBXGroup;
			children = (
				C53FCFF42195913F00C05DC0 /* GitCount */,
				C53FD0092195914000C05DC0 /* GitCountTests */,
				C53FD0142195914000C05DC0 /* GitCountUITests */,
				C53FCFF32195913F00C05DC0 /* Products */,
			);
			sourceTree = "<group>";
		};
		C53FCFF32195913F00C05DC0 /* Products */ = {
			isa = PBXGroup;
			children = (
				C53FCFF22195913F00C05DC0 /* GitCount.app */,
				C53FD0062195914000C05DC0 /* GitCountTests.xctest */,
				C53FD0112195914000C05DC0 /* GitCountUITests.xctest */,
			);
			name = Products;
			sourceTree = "<group>";
		};
		C53FCFF42195913F00C05DC0 /* GitCount */ = {
			isa = PBXGroup;
			children = (
				C53FCFF52195913F00C05DC0 /* AppDelegate.swift */,
				C53FCFF72195913F00C05DC0 /* ViewController.swift */,
				C53FCFF92195913F00C05DC0 /* Main.storyboard */,
				C53FCFFC2195914000C05DC0 /* Assets.xcassets */,
				C53FCFFE2195914000C05DC0 /* LaunchScreen.storyboard */,
				C53FD0012195914000C05DC0 /* Info.plist */,
			);
			path = GitCount;
			sourceTree = "<group>";
		};
		C53FD0092195914000C05DC0 /* GitCountTests */ = {
			isa = PBXGroup;
			children = (
				C53FD00A2195914000C05DC0 /* GitCountTests.swift */,
				C53FD00C2195914000C05DC0 /* Info.plist */,
			);
			path = GitCountTests;
			sourceTree = "<group>";
		};
		C53FD0142195914000C05DC0 /* GitCountUITests */ = {
			isa = PBXGroup;
			children = (
				C53FD0152195914000C05DC0 /* GitCountUITests.swift */,
				C53FD0172195914000C05DC0 /* Info.plist */,
			);
			path = GitCountUITests;
			sourceTree = "<group>";
		};
/* End PBXGroup section */

/* Begin PBXNativeTarget section */
		C53FCFF12195913F00C05DC0 /* GitCount */ = {
			isa = PBXNativeTarget;
			buildConfigurationList = C53FD01A2195914000C05DC0 /* Build configuration list for PBXNativeTarget "GitCount" */;
			buildPhases = (
				C53FCFEE2195913F00C05DC0 /* Sources */,
				C53FCFEF2195913F00C05DC0 /* Frameworks */,
				C53FCFF02195913F00C05DC0 /* Resources */,
			);
			buildRules = (
			);
			dependencies = (
			);
			name = GitCount;
			productName = GitCount;
			productReference = C53FCFF22195913F00C05DC0 /* GitCount.app */;
			productType = "com.apple.product-type.application";
		};
		C53FD0052195914000C05DC0 /* GitCountTests */ = {
			isa = PBXNativeTarget;
			buildConfigurationList = C53FD01D2195914000C05DC0 /* Build configuration list for PBXNativeTarget "GitCountTests" */;
			buildPhases = (
				C53FD0022195914000C05DC0 /* Sources */,
				C53FD0032195914000C05DC0 /* Frameworks */,
				C53FD0042195914000C05DC0 /* Resources */,
			);
			buildRules = (
			);
			dependencies = (
				C53FD0082195914000C05DC0 /* PBXTargetDependency */,
			);
			name = GitCountTests;
			productName = GitCountTests;
			productReference = C53FD0062195914000C05DC0 /* GitCountTests.xctest */;
			productType = "com.apple.product-type.bundle.unit-test";
		};
		C53FD0102195914000C05DC0 /* GitCountUITests */ = {
			isa = PBXNativeTarget;
			buildConfigurationList = C53FD0202195914000C05DC0 /* Build configuration list for PBXNativeTarget "GitCountUITests" */;
			buildPhases = (
				C53FD00D2195914000C05DC0 /* Sources */,
				C53FD00E2195914000C05DC0 /* Frameworks */,
				C53FD00F2195914000C05DC0 /* Resources */,
			);
			buildRules = (
			);
			dependencies = (
				C53FD0132195914000C05DC0 /* PBXTargetDependency */,
			);
			name = GitCountUITests;
			productName = GitCountUITests;
			productReference = C53FD0112195914000C05DC0 /* GitCountUITests.xctest */;
			productType = "com.apple.product-type.bundle.ui-testing";
		};
/* End PBXNativeTarget section */

/* Begin PBXProject section */
		C53FCFEA2195913F00C05DC0 /* Project object */ = {
			isa = PBXProject;
			attributes = {
				LastSwiftUpdateCheck = 1010;
				LastUpgradeCheck = 1010;
				ORGANIZATIONNAME = "剱物蒼太";
				TargetAttributes = {
					C53FCFF12195913F00C05DC0 = {
						CreatedOnToolsVersion = 10.1;
					};
					C53FD0052195914000C05DC0 = {
						CreatedOnToolsVersion = 10.1;
						TestTargetID = C53FCFF12195913F00C05DC0;
					};
					C53FD0102195914000C05DC0 = {
						CreatedOnToolsVersion = 10.1;
						TestTargetID = C53FCFF12195913F00C05DC0;
					};
				};
			};
			buildConfigurationList = C53FCFED2195913F00C05DC0 /* Build configuration list for PBXProject "GitCount" */;
			compatibilityVersion = "Xcode 9.3";
			developmentRegion = en;
			hasScannedForEncodings = 0;
			knownRegions = (
				en,
				Base,
			);
			mainGroup = C53FCFE92195913F00C05DC0;
			productRefGroup = C53FCFF32195913F00C05DC0 /* Products */;
			projectDirPath = "";
			projectRoot = "";
			targets = (
				C53FCFF12195913F00C05DC0 /* GitCount */,
				C53FD0052195914000C05DC0 /* GitCountTests */,
				C53FD0102195914000C05DC0 /* GitCountUITests */,
			);
		};
/* End PBXProject section */

/* Begin PBXResourcesBuildPhase section */
		C53FCFF02195913F00C05DC0 /* Resources */ = {
			isa = PBXResourcesBuildPhase;
			buildActionMask = 2147483647;
			files = (
				C53FD0002195914000C05DC0 /* LaunchScreen.storyboard in Resources */,
				C53FCFFD2195914000C05DC0 /* Assets.xcassets in Resources */,
				C53FCFFB2195913F00C05DC0 /* Main.storyboard in Resources */,
			);
			runOnlyForDeploymentPostprocessing = 0;
		};
		C53FD0042195914000C05DC0 /* Resources */ = {
			isa = PBXResourcesBuildPhase;
			buildActionMask = 2147483647;
			files = (
			);
			runOnlyForDeploymentPostprocessing = 0;
		};
		C53FD00F2195914000C05DC0 /* Resources */ = {
			isa = PBXResourcesBuildPhase;
			buildActionMask = 2147483647;
			files = (
			);
			runOnlyForDeploymentPostprocessing = 0;
		};
/* End PBXResourcesBuildPhase section */

/* Begin PBXSourcesBuildPhase section */
		C53FCFEE2195913F00C05DC0 /* Sources */ = {
			isa = PBXSourcesBuildPhase;
			buildActionMask = 2147483647;
			files = (
				C53FCFF82195913F00C05DC0 /* ViewController.swift in Sources */,
				C53FCFF62195913F00C05DC0 /* AppDelegate.swift in Sources */,
			);
			runOnlyForDeploymentPostprocessing = 0;
		};
		C53FD0022195914000C05DC0 /* Sources */ = {
			isa = PBXSourcesBuildPhase;
			buildActionMask = 2147483647;
			files = (
				C53FD00B2195914000C05DC0 /* GitCountTests.swift in Sources */,
			);
			runOnlyForDeploymentPostprocessing = 0;
		};
		C53FD00D2195914000C05DC0 /* Sources */ = {
			isa = PBXSourcesBuildPhase;
			buildActionMask = 2147483647;
			files = (
				C53FD0162195914000C05DC0 /* GitCountUITests.swift in Sources */,
			);
			runOnlyForDeploymentPostprocessing = 0;
		};
/* End PBXSourcesBuildPhase section */

/* Begin PBXTargetDependency section */
		C53FD0082195914000C05DC0 /* PBXTargetDependency */ = {
			isa = PBXTargetDependency;
			target = C53FCFF12195913F00C05DC0 /* GitCount */;
			targetProxy = C53FD0072195914000C05DC0 /* PBXContainerItemProxy */;
		};
		C53FD0132195914000C05DC0 /* PBXTargetDependency */ = {
			isa = PBXTargetDependency;
			target = C53FCFF12195913F00C05DC0 /* GitCount */;
			targetProxy = C53FD0122195914000C05DC0 /* PBXContainerItemProxy */;
		};
/* End PBXTargetDependency section */

/* Begin PBXVariantGroup section */
		C53FCFF92195913F00C05DC0 /* Main.storyboard */ = {
			isa = PBXVariantGroup;
			children = (
				C53FCFFA2195913F00C05DC0 /* Base */,
			);
			name = Main.storyboard;
			sourceTree = "<group>";
		};
		C53FCFFE2195914000C05DC0 /* LaunchScreen.storyboard */ = {
			isa = PBXVariantGroup;
			children = (
				C53FCFFF2195914000C05DC0 /* Base */,
			);
			name = LaunchScreen.storyboard;
			sourceTree = "<group>";
		};
/* End PBXVariantGroup section */

/* Begin XCBuildConfiguration section */
		C53FD0182195914000C05DC0 /* Debug */ = {
			isa = XCBuildConfiguration;
			buildSettings = {
				ALWAYS_SEARCH_USER_PATHS = NO;
				CLANG_ANALYZER_NONNULL = YES;
				CLANG_ANALYZER_NUMBER_OBJECT_CONVERSION = YES_AGGRESSIVE;
				CLANG_CXX_LANGUAGE_STANDARD = "gnu++14";
				CLANG_CXX_LIBRARY = "libc++";
				CLANG_ENABLE_MODULES = YES;
				CLANG_ENABLE_OBJC_ARC = YES;
				CLANG_ENABLE_OBJC_WEAK = YES;
				CLANG_WARN_BLOCK_CAPTURE_AUTORELEASING = YES;
				CLANG_WARN_BOOL_CONVERSION = YES;
				CLANG_WARN_COMMA = YES;
				CLANG_WARN_CONSTANT_CONVERSION = YES;
				CLANG_WARN_DEPRECATED_OBJC_IMPLEMENTATIONS = YES;
				CLANG_WARN_DIRECT_OBJC_ISA_USAGE = YES_ERROR;
				CLANG_WARN_DOCUMENTATION_COMMENTS = YES;
				CLANG_WARN_EMPTY_BODY = YES;
				CLANG_WARN_ENUM_CONVERSION = YES;
				CLANG_WARN_INFINITE_RECURSION = YES;
				CLANG_WARN_INT_CONVERSION = YES;
				CLANG_WARN_NON_LITERAL_NULL_CONVERSION = YES;
				CLANG_WARN_OBJC_IMPLICIT_RETAIN_SELF = YES;
				CLANG_WARN_OBJC_LITERAL_CONVERSION = YES;
				CLANG_WARN_OBJC_ROOT_CLASS = YES_ERROR;
				CLANG_WARN_RANGE_LOOP_ANALYSIS = YES;
				CLANG_WARN_STRICT_PROTOTYPES = YES;
				CLANG_WARN_SUSPICIOUS_MOVE = YES;
				CLANG_WARN_UNGUARDED_AVAILABILITY = YES_AGGRESSIVE;
				CLANG_WARN_UNREACHABLE_CODE = YES;
				CLANG_WARN__DUPLICATE_METHOD_MATCH = YES;
				CODE_SIGN_IDENTITY = "iPhone Developer";
				COPY_PHASE_STRIP = NO;
				DEBUG_INFORMATION_FORMAT = dwarf;
				ENABLE_STRICT_OBJC_MSGSEND = YES;
				ENABLE_TESTABILITY = YES;
				GCC_C_LANGUAGE_STANDARD = gnu11;
				GCC_DYNAMIC_NO_PIC = NO;
				GCC_NO_COMMON_BLOCKS = YES;
				GCC_OPTIMIZATION_LEVEL = 0;
				GCC_PREPROCESSOR_DEFINITIONS = (
					"DEBUG=1",
					"$(inherited)",
				);
				GCC_WARN_64_TO_32_BIT_CONVERSION = YES;
				GCC_WARN_ABOUT_RETURN_TYPE = YES_ERROR;
				GCC_WARN_UNDECLARED_SELECTOR = YES;
				GCC_WARN_UNINITIALIZED_AUTOS = YES_AGGRESSIVE;
				GCC_WARN_UNUSED_FUNCTION = YES;
				GCC_WARN_UNUSED_VARIABLE = YES;
				IPHONEOS_DEPLOYMENT_TARGET = 12.1;
				MTL_ENABLE_DEBUG_INFO = INCLUDE_SOURCE;
				MTL_FAST_MATH = YES;
				ONLY_ACTIVE_ARCH = YES;
				SDKROOT = iphoneos;
				SWIFT_ACTIVE_COMPILATION_CONDITIONS = DEBUG;
				SWIFT_OPTIMIZATION_LEVEL = "-Onone";
			};
			name = Debug;
		};
		C53FD0192195914000C05DC0 /* Release */ = {
			isa = XCBuildConfiguration;
			buildSettings = {
				ALWAYS_SEARCH_USER_PATHS = NO;
				CLANG_ANALYZER_NONNULL = YES;
				CLANG_ANALYZER_NUMBER_OBJECT_CONVERSION = YES_AGGRESSIVE;
				CLANG_CXX_LANGUAGE_STANDARD = "gnu++14";
				CLANG_CXX_LIBRARY = "libc++";
				CLANG_ENABLE_MODULES = YES;
				CLANG_ENABLE_OBJC_ARC = YES;
				CLANG_ENABLE_OBJC_WEAK = YES;
				CLANG_WARN_BLOCK_CAPTURE_AUTORELEASING = YES;
				CLANG_WARN_BOOL_CONVERSION = YES;
				CLANG_WARN_COMMA = YES;
				CLANG_WARN_CONSTANT_CONVERSION = YES;
				CLANG_WARN_DEPRECATED_OBJC_IMPLEMENTATIONS = YES;
				CLANG_WARN_DIRECT_OBJC_ISA_USAGE = YES_ERROR;
				CLANG_WARN_DOCUMENTATION_COMMENTS = YES;
				CLANG_WARN_EMPTY_BODY = YES;
				CLANG_WARN_ENUM_CONVERSION = YES;
				CLANG_WARN_INFINITE_RECURSION = YES;
				CLANG_WARN_INT_CONVERSION = YES;
				CLANG_WARN_NON_LITERAL_NULL_CONVERSION = YES;
				CLANG_WARN_OBJC_IMPLICIT_RETAIN_SELF = YES;
				CLANG_WARN_OBJC_LITERAL_CONVERSION = YES;
				CLANG_WARN_OBJC_ROOT_CLASS = YES_ERROR;
				CLANG_WARN_RANGE_LOOP_ANALYSIS = YES;
				CLANG_WARN_STRICT_PROTOTYPES = YES;
				CLANG_WARN_SUSPICIOUS_MOVE = YES;
				CLANG_WARN_UNGUARDED_AVAILABILITY = YES_AGGRESSIVE;
				CLANG_WARN_UNREACHABLE_CODE = YES;
				CLANG_WARN__DUPLICATE_METHOD_MATCH = YES;
				CODE_SIGN_IDENTITY = "iPhone Developer";
				COPY_PHASE_STRIP = NO;
				DEBUG_INFORMATION_FORMAT = "dwarf-with-dsym";
				ENABLE_NS_ASSERTIONS = NO;
				ENABLE_STRICT_OBJC_MSGSEND = YES;
				GCC_C_LANGUAGE_STANDARD = gnu11;
				GCC_NO_COMMON_BLOCKS = YES;
				GCC_WARN_64_TO_32_BIT_CONVERSION = YES;
				GCC_WARN_ABOUT_RETURN_TYPE = YES_ERROR;
				GCC_WARN_UNDECLARED_SELECTOR = YES;
				GCC_WARN_UNINITIALIZED_AUTOS = YES_AGGRESSIVE;
				GCC_WARN_UNUSED_FUNCTION = YES;
				GCC_WARN_UNUSED_VARIABLE = YES;
				IPHONEOS_DEPLOYMENT_TARGET = 12.1;
				MTL_ENABLE_DEBUG_INFO = NO;
				MTL_FAST_MATH = YES;
				SDKROOT = iphoneos;
				SWIFT_COMPILATION_MODE = wholemodule;
				SWIFT_OPTIMIZATION_LEVEL = "-O";
				VALIDATE_PRODUCT = YES;
			};
			name = Release;
		};
		C53FD01B2195914000C05DC0 /* Debug */ = {
			isa = XCBuildConfiguration;
			buildSettings = {
				ASSETCATALOG_COMPILER_APPICON_NAME = AppIcon;
				CODE_SIGN_STYLE = Automatic;
				INFOPLIST_FILE = GitCount/Info.plist;
				LD_RUNPATH_SEARCH_PATHS = (
					"$(inherited)",
					"@executable_path/Frameworks",
				);
				PRODUCT_BUNDLE_IDENTIFIER = com.litech.GitCount;
				PRODUCT_NAME = "$(TARGET_NAME)";
				SWIFT_VERSION = 4.2;
				TARGETED_DEVICE_FAMILY = "1,2";
			};
			name = Debug;
		};
		C53FD01C2195914000C05DC0 /* Release */ = {
			isa = XCBuildConfiguration;
			buildSettings = {
				ASSETCATALOG_COMPILER_APPICON_NAME = AppIcon;
				CODE_SIGN_STYLE = Automatic;
				INFOPLIST_FILE = GitCount/Info.plist;
				LD_RUNPATH_SEARCH_PATHS = (
					"$(inherited)",
					"@executable_path/Frameworks",
				);
				PRODUCT_BUNDLE_IDENTIFIER = com.litech.GitCount;
				PRODUCT_NAME = "$(TARGET_NAME)";
				SWIFT_VERSION = 4.2;
				TARGETED_DEVICE_FAMILY = "1,2";
			};
			name = Release;
		};
		C53FD01E2195914000C05DC0 /* Debug */ = {
			isa = XCBuildConfiguration;
			buildSettings = {
				ALWAYS_EMBED_SWIFT_STANDARD_LIBRARIES = YES;
				BUNDLE_LOADER = "$(TEST_HOST)";
				CODE_SIGN_STYLE = Automatic;
				INFOPLIST_FILE = GitCountTests/Info.plist;
				LD_RUNPATH_SEARCH_PATHS = (
					"$(inherited)",
					"@executable_path/Frameworks",
					"@loader_path/Frameworks",
				);
				PRODUCT_BUNDLE_IDENTIFIER = com.litech.GitCountTests;
				PRODUCT_NAME = "$(TARGET_NAME)";
				SWIFT_VERSION = 4.2;
				TARGETED_DEVICE_FAMILY = "1,2";
				TEST_HOST = "$(BUILT_PRODUCTS_DIR)/GitCount.app/GitCount";
			};
			name = Debug;
		};
		C53FD01F2195914000C05DC0 /* Release */ = {
			isa = XCBuildConfiguration;
			buildSettings = {
				ALWAYS_EMBED_SWIFT_STANDARD_LIBRARIES = YES;
				BUNDLE_LOADER = "$(TEST_HOST)";
				CODE_SIGN_STYLE = Automatic;
				INFOPLIST_FILE = GitCountTests/Info.plist;
				LD_RUNPATH_SEARCH_PATHS = (
					"$(inherited)",
					"@executable_path/Frameworks",
					"@loader_path/Frameworks",
				);
				PRODUCT_BUNDLE_IDENTIFIER = com.litech.GitCountTests;
				PRODUCT_NAME = "$(TARGET_NAME)";
				SWIFT_VERSION = 4.2;
				TARGETED_DEVICE_FAMILY = "1,2";
				TEST_HOST = "$(BUILT_PRODUCTS_DIR)/GitCount.app/GitCount";
			};
			name = Release;
		};
		C53FD0212195914000C05DC0 /* Debug */ = {
			isa = XCBuildConfiguration;
			buildSettings = {
				ALWAYS_EMBED_SWIFT_STANDARD_LIBRARIES = YES;
				CODE_SIGN_STYLE = Automatic;
				INFOPLIST_FILE = GitCountUITests/Info.plist;
				LD_RUNPATH_SEARCH_PATHS = (
					"$(inherited)",
					"@executable_path/Frameworks",
					"@loader_path/Frameworks",
				);
				PRODUCT_BUNDLE_IDENTIFIER = com.litech.GitCountUITests;
				PRODUCT_NAME = "$(TARGET_NAME)";
				SWIFT_VERSION = 4.2;
				TARGETED_DEVICE_FAMILY = "1,2";
				TEST_TARGET_NAME = GitCount;
			};
			name = Debug;
		};
		C53FD0222195914000C05DC0 /* Release */ = {
			isa = XCBuildConfiguration;
			buildSettings = {
				ALWAYS_EMBED_SWIFT_STANDARD_LIBRARIES = YES;
				CODE_SIGN_STYLE = Automatic;
				INFOPLIST_FILE = GitCountUITests/Info.plist;
				LD_RUNPATH_SEARCH_PATHS = (
					"$(inherited)",
					"@executable_path/Frameworks",
					"@loader_path/Frameworks",
				);
				PRODUCT_BUNDLE_IDENTIFIER = com.litech.GitCountUITests;
				PRODUCT_NAME = "$(TARGET_NAME)";
				SWIFT_VERSION = 4.2;
				TARGETED_DEVICE_FAMILY = "1,2";
				TEST_TARGET_NAME = GitCount;
			};
			name = Release;
		};
/* End XCBuildConfiguration section */

/* Begin XCConfigurationList section */
		C53FCFED2195913F00C05DC0 /* Build configuration list for PBXProject "GitCount" */ = {
			isa = XCConfigurationList;
			buildConfigurations = (
				C53FD0182195914000C05DC0 /* Debug */,
				C53FD0192195914000C05DC0 /* Release */,
			);
			defaultConfigurationIsVisible = 0;
			defaultConfigurationName = Release;
		};
		C53FD01A2195914000C05DC0 /* Build configuration list for PBXNativeTarget "GitCount" */ = {
			isa = XCConfigurationList;
			buildConfigurations = (
				C53FD01B2195914000C05DC0 /* Debug */,
				C53FD01C2195914000C05DC0 /* Release */,
			);
			defaultConfigurationIsVisible = 0;
			defaultConfigurationName = Release;
		};
		C53FD01D2195914000C05DC0 /* Build configuration list for PBXNativeTarget "GitCountTests" */ = {
			isa = XCConfigurationList;
			buildConfigurations = (
				C53FD01E2195914000C05DC0 /* Debug */,
				C53FD01F2195914000C05DC0 /* Release */,
			);
			defaultConfigurationIsVisible = 0;
			defaultConfigurationName = Release;
		};
		C53FD0202195914000C05DC0 /* Build configuration list for PBXNativeTarget "GitCountUITests" */ = {
			isa = XCConfigurationList;
			buildConfigurations = (
				C53FD0212195914000C05DC0 /* Debug */,
				C53FD0222195914000C05DC0 /* Release */,
			);
			defaultConfigurationIsVisible = 0;
			defaultConfigurationName = Release;
		};
/* End XCConfigurationList section */
	};
	rootObject = C53FCFEA2195913F00C05DC0 /* Project object */;
}
